{
  "version": 4,
  "terraform_version": "1.7.4",
  "serial": 1,
  "lineage": "127a8b3b-6ca8-bee1-f49d-cec129ef42d9",
  "outputs": {},
  "resources": [
    {
      "mode": "managed",
      "type": "aws_security_group",
      "name": "allow_tls",
      "provider": "provider[\"registry.terraform.io/hashicorp/aws\"]",
      "instances": [
        {
          "schema_version": 1,
          "attributes": {
            "arn": "arn:aws:ec2:eu-central-1:730335659876:security-group/sg-0cba753e3a201a673",
            "description": "Managed from Terraform",
            "egress": [],
            "id": "sg-0cba753e3a201a673",
            "ingress": [],
            "name": "terraform-firewall",
            "name_prefix": "",
            "owner_id": "730335659876",
            "revoke_rules_on_delete": false,
            "tags": null,
            "tags_all": {},
            "timeouts": null,
            "vpc_id": "vpc-07d8a6b44fc19e6a2"
          },
          "sensitive_attributes": [],
          "private": "eyJlMmJmYjczMC1lY2FhLTExZTYtOGY4OC0zNDM2M2JjN2M0YzAiOnsiY3JlYXRlIjo2MDAwMDAwMDAwMDAsImRlbGV0ZSI6OTAwMDAwMDAwMDAwfSwic2NoZW1hX3ZlcnNpb24iOiIxIn0="
        }
      ]
    }
  ],
  "check_results": null
}
